
Microsoft Visual Studio Solution File, Format Version 12.00
# Visual Studio Version 17
VisualStudioVersion = 17.7.34024.191
MinimumVisualStudioVersion = 10.0.40219.1
Project("{FAE04EC0-301F-11D3-BF4B-00C04F79EFBC}") = "lab2", "lab2\lab2.csproj", "{212A9307-BF16-4EF2-A532-7BB5666D700D}"
EndProject
Project("{FAE04EC0-301F-11D3-BF4B-00C04F79EFBC}") = "task2", "task2\task2.csproj", "{265666E4-7F6B-4C7A-B6A1-E1F63E1CB78D}"
EndProject
Project("{FAE04EC0-301F-11D3-BF4B-00C04F79EFBC}") = "task3", "task3\task3.csproj", "{14871DF3-0874-4628-890B-C7489D2E7EA3}"
EndProject
Global
	GlobalSection(SolutionConfigurationPlatforms) = preSolution
		Debug|Any CPU = Debug|Any CPU
		Release|Any CPU = Release|Any CPU
	EndGlobalSection
	GlobalSection(ProjectConfigurationPlatforms) = postSolution
		{212A9307-BF16-4EF2-A532-7BB5666D700D}.Debug|Any CPU.ActiveCfg = Debug|Any CPU
		{212A9307-BF16-4EF2-A532-7BB5666D700D}.Debug|Any CPU.Build.0 = Debug|Any CPU
		{212A9307-BF16-4EF2-A532-7BB5666D700D}.Release|Any CPU.ActiveCfg = Release|Any CPU
		{212A9307-BF16-4EF2-A532-7BB5666D700D}.Release|Any CPU.Build.0 = Release|Any CPU
		{265666E4-7F6B-4C7A-B6A1-E1F63E1CB78D}.Debug|Any CPU.ActiveCfg = Debug|Any CPU
		{265666E4-7F6B-4C7A-B6A1-E1F63E1CB78D}.Debug|Any CPU.Build.0 = Debug|Any CPU
		{265666E4-7F6B-4C7A-B6A1-E1F63E1CB78D}.Release|Any CPU.ActiveCfg = Release|Any CPU
		{265666E4-7F6B-4C7A-B6A1-E1F63E1CB78D}.Release|Any CPU.Build.0 = Release|Any CPU
		{14871DF3-0874-4628-890B-C7489D2E7EA3}.Debug|Any CPU.ActiveCfg = Debug|Any CPU
		{14871DF3-0874-4628-890B-C7489D2E7EA3}.Debug|Any CPU.Build.0 = Debug|Any CPU
		{14871DF3-0874-4628-890B-C7489D2E7EA3}.Release|Any CPU.ActiveCfg = Release|Any CPU
		{14871DF3-0874-4628-890B-C7489D2E7EA3}.Release|Any CPU.Build.0 = Release|Any CPU
	EndGlobalSection
	GlobalSection(SolutionProperties) = preSolution
		HideSolutionNode = FALSE
	EndGlobalSection
	GlobalSection(ExtensibilityGlobals) = postSolution
		SolutionGuid = {AF0AAC3D-D5D5-4B68-8708-B2815B17721E}
	EndGlobalSection
EndGlobal
