
Microsoft Visual Studio Solution File, Format Version 12.00
# Visual Studio Version 17
VisualStudioVersion = 17.7.34024.191
MinimumVisualStudioVersion = 10.0.40219.1
Project("{FAE04EC0-301F-11D3-BF4B-00C04F79EFBC}") = "Lab6Lib", "Lab6Lib\Lab6Lib.csproj", "{2D489FA3-9D05-41D5-BDD3-053EAD87B3C6}"
EndProject
Project("{FAE04EC0-301F-11D3-BF4B-00C04F79EFBC}") = "lab6", "lab6\lab6.csproj", "{DDE3C9E9-0CF1-404F-8420-5B619439DAB1}"
EndProject
Global
	GlobalSection(SolutionConfigurationPlatforms) = preSolution
		Debug|Any CPU = Debug|Any CPU
		Release|Any CPU = Release|Any CPU
	EndGlobalSection
	GlobalSection(ProjectConfigurationPlatforms) = postSolution
		{2D489FA3-9D05-41D5-BDD3-053EAD87B3C6}.Debug|Any CPU.ActiveCfg = Debug|Any CPU
		{2D489FA3-9D05-41D5-BDD3-053EAD87B3C6}.Debug|Any CPU.Build.0 = Debug|Any CPU
		{2D489FA3-9D05-41D5-BDD3-053EAD87B3C6}.Release|Any CPU.ActiveCfg = Release|Any CPU
		{2D489FA3-9D05-41D5-BDD3-053EAD87B3C6}.Release|Any CPU.Build.0 = Release|Any CPU
		{DDE3C9E9-0CF1-404F-8420-5B619439DAB1}.Debug|Any CPU.ActiveCfg = Debug|Any CPU
		{DDE3C9E9-0CF1-404F-8420-5B619439DAB1}.Debug|Any CPU.Build.0 = Debug|Any CPU
		{DDE3C9E9-0CF1-404F-8420-5B619439DAB1}.Release|Any CPU.ActiveCfg = Release|Any CPU
		{DDE3C9E9-0CF1-404F-8420-5B619439DAB1}.Release|Any CPU.Build.0 = Release|Any CPU
	EndGlobalSection
	GlobalSection(SolutionProperties) = preSolution
		HideSolutionNode = FALSE
	EndGlobalSection
	GlobalSection(ExtensibilityGlobals) = postSolution
		SolutionGuid = {8DACF7DE-6223-408D-A576-D7267CABA712}
	EndGlobalSection
EndGlobal
